
Microsoft Visual Studio Solution File, Format Version 12.00
# Visual Studio 15
VisualStudioVersion = 15.0.26430.16
MinimumVisualStudioVersion = 10.0.40219.1
Project("{2150E333-8FDC-42A3-9474-1A3956D46DE8}") = "Services", "Services", "{12C1D84A-7AEA-4957-9CE3-64BDEAA99EB5}"
EndProject
Project("{2150E333-8FDC-42A3-9474-1A3956D46DE8}") = "SchemaManagement", "SchemaManagement", "{4669A5A5-54E5-4510-B931-FD0983870AAB}"
EndProject
Project("{2150E333-8FDC-42A3-9474-1A3956D46DE8}") = "src", "src", "{ED868824-413A-4504-B406-B8E08A2D9915}"
EndProject
Project("{9A19103F-16F7-4668-BE54-9A1E7A4F7556}") = "SchemaManagement.API", "src\Services\SchemaManagement\SchemaManagement.API\SchemaManagement.API.csproj", "{204AADCD-F5D9-4D0C-9B08-960794A78E73}"
EndProject
Project("{9A19103F-16F7-4668-BE54-9A1E7A4F7556}") = "SchemaManagement.Domain", "src\Services\SchemaManagement\SchemaManagement.Domain\SchemaManagement.Domain.csproj", "{49FF3D21-4348-4F76-B36D-356265F92EF3}"
EndProject
Project("{9A19103F-16F7-4668-BE54-9A1E7A4F7556}") = "SchemaManagement.Infrastructure", "src\Services\SchemaManagement\SchemaManagement.Infrastructure\SchemaManagement.Infrastructure.csproj", "{904BF3EC-C278-43DC-A101-60A41B82050A}"
EndProject
Project("{2150E333-8FDC-42A3-9474-1A3956D46DE8}") = "Console", "Console", "{739EFDCC-F592-4B57-99E5-793FD6A9C4D3}"
EndProject
Project("{9A19103F-16F7-4668-BE54-9A1E7A4F7556}") = "ConsoleSchemaManager", "src\Console\ConsoleSchemaManager\ConsoleSchemaManager.csproj", "{3507F144-AAD0-4724-ACCB-B271BB34ACB1}"
EndProject
Project("{2150E333-8FDC-42A3-9474-1A3956D46DE8}") = "TrialSetManagement", "TrialSetManagement", "{84DFD6C7-1E44-42BC-BD09-BEC61991A2E9}"
EndProject
Project("{9A19103F-16F7-4668-BE54-9A1E7A4F7556}") = "TrialSetManagement.Domain", "src\Services\TrialSetManagement\TrialSetManagement.Domain\TrialSetManagement.Domain.csproj", "{C3F48597-90E9-4B76-A378-BE8336826970}"
EndProject
Project("{2150E333-8FDC-42A3-9474-1A3956D46DE8}") = "TrialManagement", "TrialManagement", "{3E49690D-63BC-4F2A-90FE-31BB0DADE106}"
EndProject
Project("{9A19103F-16F7-4668-BE54-9A1E7A4F7556}") = "TrialManagement.Domain", "src\Services\TrialManagement\TrialManagement.Domain\TrialManagement.Domain.csproj", "{FEAD6D48-B774-429D-BC67-33D9CA639DCC}"
EndProject
Project("{2150E333-8FDC-42A3-9474-1A3956D46DE8}") = "PerformanceEvaluation", "PerformanceEvaluation", "{470BABFB-793B-4655-8AFD-E10D19E5FABE}"
EndProject
Project("{9A19103F-16F7-4668-BE54-9A1E7A4F7556}") = "PerformanceEvaluation.Domain", "src\Services\PerformanceEvaluation\PerformanceEvaluation.Domain\PerformanceEvaluation.Domain.csproj", "{F4096266-BD48-4D43-8701-24AEBB7B985D}"
EndProject
Project("{2150E333-8FDC-42A3-9474-1A3956D46DE8}") = "BuildingBlocks", "BuildingBlocks", "{6C183A59-A203-472C-A01E-A95E2E0A33F2}"
EndProject
Project("{9A19103F-16F7-4668-BE54-9A1E7A4F7556}") = "EventBus", "src\BuildingBlocks\EventBus\EventBus.csproj", "{271CDED1-CD18-4982-B8BB-F0B9E3D4BFC6}"
EndProject
Project("{9A19103F-16F7-4668-BE54-9A1E7A4F7556}") = "EventBus.RabbitMQ", "src\BuildingBlocks\EventBus.RabbitMQ\EventBus.RabbitMQ.csproj", "{B40C1A6A-1752-4365-96A6-3FF9BEC9FC67}"
EndProject
Project("{9A19103F-16F7-4668-BE54-9A1E7A4F7556}") = "TrialSetManagement.Infrastructure", "src\Services\TrialSetManagement\TrialSetManagement.Infrastructure\TrialSetManagement.Infrastructure.csproj", "{C748437C-F0C9-42DC-970B-71CA46251992}"
EndProject
Project("{9A19103F-16F7-4668-BE54-9A1E7A4F7556}") = "TrialSetManagement.API", "src\Services\TrialSetManagement\TrialSetManagement.API\TrialSetManagement.API.csproj", "{281DAC01-533C-444B-95B8-B91C38411303}"
EndProject
Project("{9A19103F-16F7-4668-BE54-9A1E7A4F7556}") = "TrialManagement.Infrastructure", "src\Services\TrialManagement\TrialManagement.Infrastructure\TrialManagement.Infrastructure.csproj", "{04F86AC5-33CC-4CC5-AD7D-1BA4F7A2EC86}"
EndProject
Project("{9A19103F-16F7-4668-BE54-9A1E7A4F7556}") = "TrialManagement.API", "src\Services\TrialManagement\TrialManagement.API\TrialManagement.API.csproj", "{ECF08F6A-7A99-4113-BE2D-190640A5D5E8}"
EndProject
Project("{9A19103F-16F7-4668-BE54-9A1E7A4F7556}") = "EventBus.RawRabbit", "src\BuildingBlocks\EventBus.RawRabbit\EventBus.RawRabbit.csproj", "{77F4FEC3-F1E5-43B2-A32E-EFEFEEF981F9}"
EndProject
Project("{2150E333-8FDC-42A3-9474-1A3956D46DE8}") = "ScenarioManagement", "ScenarioManagement", "{3DC89F16-EC1A-474E-941E-F80E9F0B453B}"
EndProject
Project("{9A19103F-16F7-4668-BE54-9A1E7A4F7556}") = "ScenarioManagement.Domain", "src\Services\ScenarioManagement\ScenarioManagement.Domain\ScenarioManagement.Domain.csproj", "{14D4A819-E634-49F6-8C8A-3864A956106E}"
EndProject
Project("{9A19103F-16F7-4668-BE54-9A1E7A4F7556}") = "ScenarioManagement.Infrastructure", "src\Services\ScenarioManagement\ScenarioManagement.Infrastructure\ScenarioManagement.Infrastructure.csproj", "{0AAE3A07-EAEF-4B0D-B307-9E44924559E7}"
EndProject
Project("{9A19103F-16F7-4668-BE54-9A1E7A4F7556}") = "ScenarioManagement.API", "src\Services\ScenarioManagement\ScenarioManagement.API\ScenarioManagement.API.csproj", "{3C56B329-EA77-46E7-B2CE-E95678A01C4D}"
EndProject
Project("{9A19103F-16F7-4668-BE54-9A1E7A4F7556}") = "ConsoleScenarioManager", "src\Console\ConsoleScenarioManager\ConsoleScenarioManager.csproj", "{14612120-661F-4072-AFCB-180E501673F0}"
EndProject
Project("{9A19103F-16F7-4668-BE54-9A1E7A4F7556}") = "ConsoleTrialSetManager", "src\Console\ConsoleTrialSetManager\ConsoleTrialSetManager.csproj", "{424ECEE0-88D2-4C43-B644-3FEA7976BAE2}"
EndProject
Project("{2150E333-8FDC-42A3-9474-1A3956D46DE8}") = "tests", "tests", "{B4E5FF28-9447-4125-B621-50A2E98887EF}"
EndProject
Project("{2150E333-8FDC-42A3-9474-1A3956D46DE8}") = "Services", "Services", "{C2634058-6BCB-4361-AAC3-DF4CA98A3E8B}"
EndProject
Project("{2150E333-8FDC-42A3-9474-1A3956D46DE8}") = "ScenarioManagement", "ScenarioManagement", "{43601414-E217-4AD4-A1D9-D011C247FF76}"
EndProject
Project("{9A19103F-16F7-4668-BE54-9A1E7A4F7556}") = "ScenarioManagement.API.UnitTests", "tests\Services\ScenarioManagement\ScenarioManagement.API.UnitTests\ScenarioManagement.API.UnitTests.csproj", "{B6C6116B-2F98-4082-A15D-CEC827704F51}"
EndProject
Project("{9A19103F-16F7-4668-BE54-9A1E7A4F7556}") = "ScenarioManagement.Domain.UnitTests", "tests\Services\ScenarioManagement\ScenarioManagement.Domain.UnitTests\ScenarioManagement.Domain.UnitTests.csproj", "{2309F31C-DE46-470F-8E64-875E663AD90C}"
EndProject
Project("{2150E333-8FDC-42A3-9474-1A3956D46DE8}") = "SchemaManagement", "SchemaManagement", "{893DC50E-1AE1-4097-BAF4-F67C7B769392}"
EndProject
Project("{2150E333-8FDC-42A3-9474-1A3956D46DE8}") = "TrialSetManagement", "TrialSetManagement", "{5AF64BC7-3C17-421A-9E4D-E9CF4EAD0B72}"
EndProject
Project("{2150E333-8FDC-42A3-9474-1A3956D46DE8}") = "TrialManagement", "TrialManagement", "{31835577-EEE3-4780-860B-3AC002A37238}"
EndProject
Project("{9A19103F-16F7-4668-BE54-9A1E7A4F7556}") = "SchemaManagement.API.UnitTests", "tests\Services\SchemaManagement\SchemaManagement.API.UnitTests\SchemaManagement.API.UnitTests.csproj", "{EF1A9038-0A51-48AE-8A8A-D5C37DBD78B7}"
EndProject
Project("{9A19103F-16F7-4668-BE54-9A1E7A4F7556}") = "SchemaManagement.Domain.UnitTests", "tests\Services\SchemaManagement\SchemaManagement.Domain.UnitTests\SchemaManagement.Domain.UnitTests.csproj", "{9933FE4E-FA77-45E2-855E-A58B661C341E}"
EndProject
Project("{2150E333-8FDC-42A3-9474-1A3956D46DE8}") = "Solution Items", "Solution Items", "{BF44DFE9-0591-4C7F-A0FD-10514C7F45FC}"
	ProjectSection(SolutionItems) = preProject
		.travis.yml = .travis.yml
	EndProjectSection
EndProject
Global
	GlobalSection(SolutionConfigurationPlatforms) = preSolution
		Debug|Any CPU = Debug|Any CPU
		Release|Any CPU = Release|Any CPU
	EndGlobalSection
	GlobalSection(ProjectConfigurationPlatforms) = postSolution
		{204AADCD-F5D9-4D0C-9B08-960794A78E73}.Debug|Any CPU.ActiveCfg = Debug|Any CPU
		{204AADCD-F5D9-4D0C-9B08-960794A78E73}.Debug|Any CPU.Build.0 = Debug|Any CPU
		{204AADCD-F5D9-4D0C-9B08-960794A78E73}.Release|Any CPU.ActiveCfg = Release|Any CPU
		{204AADCD-F5D9-4D0C-9B08-960794A78E73}.Release|Any CPU.Build.0 = Release|Any CPU
		{49FF3D21-4348-4F76-B36D-356265F92EF3}.Debug|Any CPU.ActiveCfg = Debug|Any CPU
		{49FF3D21-4348-4F76-B36D-356265F92EF3}.Debug|Any CPU.Build.0 = Debug|Any CPU
		{49FF3D21-4348-4F76-B36D-356265F92EF3}.Release|Any CPU.ActiveCfg = Release|Any CPU
		{49FF3D21-4348-4F76-B36D-356265F92EF3}.Release|Any CPU.Build.0 = Release|Any CPU
		{904BF3EC-C278-43DC-A101-60A41B82050A}.Debug|Any CPU.ActiveCfg = Debug|Any CPU
		{904BF3EC-C278-43DC-A101-60A41B82050A}.Debug|Any CPU.Build.0 = Debug|Any CPU
		{904BF3EC-C278-43DC-A101-60A41B82050A}.Release|Any CPU.ActiveCfg = Release|Any CPU
		{904BF3EC-C278-43DC-A101-60A41B82050A}.Release|Any CPU.Build.0 = Release|Any CPU
		{3507F144-AAD0-4724-ACCB-B271BB34ACB1}.Debug|Any CPU.ActiveCfg = Debug|Any CPU
		{3507F144-AAD0-4724-ACCB-B271BB34ACB1}.Debug|Any CPU.Build.0 = Debug|Any CPU
		{3507F144-AAD0-4724-ACCB-B271BB34ACB1}.Release|Any CPU.ActiveCfg = Release|Any CPU
		{3507F144-AAD0-4724-ACCB-B271BB34ACB1}.Release|Any CPU.Build.0 = Release|Any CPU
		{C3F48597-90E9-4B76-A378-BE8336826970}.Debug|Any CPU.ActiveCfg = Debug|Any CPU
		{C3F48597-90E9-4B76-A378-BE8336826970}.Debug|Any CPU.Build.0 = Debug|Any CPU
		{C3F48597-90E9-4B76-A378-BE8336826970}.Release|Any CPU.ActiveCfg = Release|Any CPU
		{C3F48597-90E9-4B76-A378-BE8336826970}.Release|Any CPU.Build.0 = Release|Any CPU
		{FEAD6D48-B774-429D-BC67-33D9CA639DCC}.Debug|Any CPU.ActiveCfg = Debug|Any CPU
		{FEAD6D48-B774-429D-BC67-33D9CA639DCC}.Debug|Any CPU.Build.0 = Debug|Any CPU
		{FEAD6D48-B774-429D-BC67-33D9CA639DCC}.Release|Any CPU.ActiveCfg = Release|Any CPU
		{FEAD6D48-B774-429D-BC67-33D9CA639DCC}.Release|Any CPU.Build.0 = Release|Any CPU
		{F4096266-BD48-4D43-8701-24AEBB7B985D}.Debug|Any CPU.ActiveCfg = Debug|Any CPU
		{F4096266-BD48-4D43-8701-24AEBB7B985D}.Debug|Any CPU.Build.0 = Debug|Any CPU
		{F4096266-BD48-4D43-8701-24AEBB7B985D}.Release|Any CPU.ActiveCfg = Release|Any CPU
		{F4096266-BD48-4D43-8701-24AEBB7B985D}.Release|Any CPU.Build.0 = Release|Any CPU
		{271CDED1-CD18-4982-B8BB-F0B9E3D4BFC6}.Debug|Any CPU.ActiveCfg = Debug|Any CPU
		{271CDED1-CD18-4982-B8BB-F0B9E3D4BFC6}.Debug|Any CPU.Build.0 = Debug|Any CPU
		{271CDED1-CD18-4982-B8BB-F0B9E3D4BFC6}.Release|Any CPU.ActiveCfg = Release|Any CPU
		{271CDED1-CD18-4982-B8BB-F0B9E3D4BFC6}.Release|Any CPU.Build.0 = Release|Any CPU
		{B40C1A6A-1752-4365-96A6-3FF9BEC9FC67}.Debug|Any CPU.ActiveCfg = Debug|Any CPU
		{B40C1A6A-1752-4365-96A6-3FF9BEC9FC67}.Debug|Any CPU.Build.0 = Debug|Any CPU
		{B40C1A6A-1752-4365-96A6-3FF9BEC9FC67}.Release|Any CPU.ActiveCfg = Release|Any CPU
		{B40C1A6A-1752-4365-96A6-3FF9BEC9FC67}.Release|Any CPU.Build.0 = Release|Any CPU
		{C748437C-F0C9-42DC-970B-71CA46251992}.Debug|Any CPU.ActiveCfg = Debug|Any CPU
		{C748437C-F0C9-42DC-970B-71CA46251992}.Debug|Any CPU.Build.0 = Debug|Any CPU
		{C748437C-F0C9-42DC-970B-71CA46251992}.Release|Any CPU.ActiveCfg = Release|Any CPU
		{C748437C-F0C9-42DC-970B-71CA46251992}.Release|Any CPU.Build.0 = Release|Any CPU
		{281DAC01-533C-444B-95B8-B91C38411303}.Debug|Any CPU.ActiveCfg = Debug|Any CPU
		{281DAC01-533C-444B-95B8-B91C38411303}.Debug|Any CPU.Build.0 = Debug|Any CPU
		{281DAC01-533C-444B-95B8-B91C38411303}.Release|Any CPU.ActiveCfg = Release|Any CPU
		{281DAC01-533C-444B-95B8-B91C38411303}.Release|Any CPU.Build.0 = Release|Any CPU
		{04F86AC5-33CC-4CC5-AD7D-1BA4F7A2EC86}.Debug|Any CPU.ActiveCfg = Debug|Any CPU
		{04F86AC5-33CC-4CC5-AD7D-1BA4F7A2EC86}.Debug|Any CPU.Build.0 = Debug|Any CPU
		{04F86AC5-33CC-4CC5-AD7D-1BA4F7A2EC86}.Release|Any CPU.ActiveCfg = Release|Any CPU
		{04F86AC5-33CC-4CC5-AD7D-1BA4F7A2EC86}.Release|Any CPU.Build.0 = Release|Any CPU
		{ECF08F6A-7A99-4113-BE2D-190640A5D5E8}.Debug|Any CPU.ActiveCfg = Debug|Any CPU
		{ECF08F6A-7A99-4113-BE2D-190640A5D5E8}.Debug|Any CPU.Build.0 = Debug|Any CPU
		{ECF08F6A-7A99-4113-BE2D-190640A5D5E8}.Release|Any CPU.ActiveCfg = Release|Any CPU
		{ECF08F6A-7A99-4113-BE2D-190640A5D5E8}.Release|Any CPU.Build.0 = Release|Any CPU
		{77F4FEC3-F1E5-43B2-A32E-EFEFEEF981F9}.Debug|Any CPU.ActiveCfg = Debug|Any CPU
		{77F4FEC3-F1E5-43B2-A32E-EFEFEEF981F9}.Debug|Any CPU.Build.0 = Debug|Any CPU
		{77F4FEC3-F1E5-43B2-A32E-EFEFEEF981F9}.Release|Any CPU.ActiveCfg = Release|Any CPU
		{77F4FEC3-F1E5-43B2-A32E-EFEFEEF981F9}.Release|Any CPU.Build.0 = Release|Any CPU
		{14D4A819-E634-49F6-8C8A-3864A956106E}.Debug|Any CPU.ActiveCfg = Debug|Any CPU
		{14D4A819-E634-49F6-8C8A-3864A956106E}.Debug|Any CPU.Build.0 = Debug|Any CPU
		{14D4A819-E634-49F6-8C8A-3864A956106E}.Release|Any CPU.ActiveCfg = Release|Any CPU
		{14D4A819-E634-49F6-8C8A-3864A956106E}.Release|Any CPU.Build.0 = Release|Any CPU
		{0AAE3A07-EAEF-4B0D-B307-9E44924559E7}.Debug|Any CPU.ActiveCfg = Debug|Any CPU
		{0AAE3A07-EAEF-4B0D-B307-9E44924559E7}.Debug|Any CPU.Build.0 = Debug|Any CPU
		{0AAE3A07-EAEF-4B0D-B307-9E44924559E7}.Release|Any CPU.ActiveCfg = Release|Any CPU
		{0AAE3A07-EAEF-4B0D-B307-9E44924559E7}.Release|Any CPU.Build.0 = Release|Any CPU
		{3C56B329-EA77-46E7-B2CE-E95678A01C4D}.Debug|Any CPU.ActiveCfg = Debug|Any CPU
		{3C56B329-EA77-46E7-B2CE-E95678A01C4D}.Debug|Any CPU.Build.0 = Debug|Any CPU
		{3C56B329-EA77-46E7-B2CE-E95678A01C4D}.Release|Any CPU.ActiveCfg = Release|Any CPU
		{3C56B329-EA77-46E7-B2CE-E95678A01C4D}.Release|Any CPU.Build.0 = Release|Any CPU
		{14612120-661F-4072-AFCB-180E501673F0}.Debug|Any CPU.ActiveCfg = Debug|Any CPU
		{14612120-661F-4072-AFCB-180E501673F0}.Debug|Any CPU.Build.0 = Debug|Any CPU
		{14612120-661F-4072-AFCB-180E501673F0}.Release|Any CPU.ActiveCfg = Release|Any CPU
		{14612120-661F-4072-AFCB-180E501673F0}.Release|Any CPU.Build.0 = Release|Any CPU
		{424ECEE0-88D2-4C43-B644-3FEA7976BAE2}.Debug|Any CPU.ActiveCfg = Debug|Any CPU
		{424ECEE0-88D2-4C43-B644-3FEA7976BAE2}.Debug|Any CPU.Build.0 = Debug|Any CPU
		{424ECEE0-88D2-4C43-B644-3FEA7976BAE2}.Release|Any CPU.ActiveCfg = Release|Any CPU
		{424ECEE0-88D2-4C43-B644-3FEA7976BAE2}.Release|Any CPU.Build.0 = Release|Any CPU
		{B6C6116B-2F98-4082-A15D-CEC827704F51}.Debug|Any CPU.ActiveCfg = Debug|Any CPU
		{B6C6116B-2F98-4082-A15D-CEC827704F51}.Debug|Any CPU.Build.0 = Debug|Any CPU
		{B6C6116B-2F98-4082-A15D-CEC827704F51}.Release|Any CPU.ActiveCfg = Release|Any CPU
		{B6C6116B-2F98-4082-A15D-CEC827704F51}.Release|Any CPU.Build.0 = Release|Any CPU
		{2309F31C-DE46-470F-8E64-875E663AD90C}.Debug|Any CPU.ActiveCfg = Debug|Any CPU
		{2309F31C-DE46-470F-8E64-875E663AD90C}.Debug|Any CPU.Build.0 = Debug|Any CPU
		{2309F31C-DE46-470F-8E64-875E663AD90C}.Release|Any CPU.ActiveCfg = Release|Any CPU
		{2309F31C-DE46-470F-8E64-875E663AD90C}.Release|Any CPU.Build.0 = Release|Any CPU
		{EF1A9038-0A51-48AE-8A8A-D5C37DBD78B7}.Debug|Any CPU.ActiveCfg = Debug|Any CPU
		{EF1A9038-0A51-48AE-8A8A-D5C37DBD78B7}.Debug|Any CPU.Build.0 = Debug|Any CPU
		{EF1A9038-0A51-48AE-8A8A-D5C37DBD78B7}.Release|Any CPU.ActiveCfg = Release|Any CPU
		{EF1A9038-0A51-48AE-8A8A-D5C37DBD78B7}.Release|Any CPU.Build.0 = Release|Any CPU
		{9933FE4E-FA77-45E2-855E-A58B661C341E}.Debug|Any CPU.ActiveCfg = Debug|Any CPU
		{9933FE4E-FA77-45E2-855E-A58B661C341E}.Debug|Any CPU.Build.0 = Debug|Any CPU
		{9933FE4E-FA77-45E2-855E-A58B661C341E}.Release|Any CPU.ActiveCfg = Release|Any CPU
		{9933FE4E-FA77-45E2-855E-A58B661C341E}.Release|Any CPU.Build.0 = Release|Any CPU
	EndGlobalSection
	GlobalSection(SolutionProperties) = preSolution
		HideSolutionNode = FALSE
	EndGlobalSection
	GlobalSection(NestedProjects) = preSolution
		{12C1D84A-7AEA-4957-9CE3-64BDEAA99EB5} = {ED868824-413A-4504-B406-B8E08A2D9915}
		{4669A5A5-54E5-4510-B931-FD0983870AAB} = {12C1D84A-7AEA-4957-9CE3-64BDEAA99EB5}
		{204AADCD-F5D9-4D0C-9B08-960794A78E73} = {4669A5A5-54E5-4510-B931-FD0983870AAB}
		{49FF3D21-4348-4F76-B36D-356265F92EF3} = {4669A5A5-54E5-4510-B931-FD0983870AAB}
		{904BF3EC-C278-43DC-A101-60A41B82050A} = {4669A5A5-54E5-4510-B931-FD0983870AAB}
		{739EFDCC-F592-4B57-99E5-793FD6A9C4D3} = {ED868824-413A-4504-B406-B8E08A2D9915}
		{3507F144-AAD0-4724-ACCB-B271BB34ACB1} = {739EFDCC-F592-4B57-99E5-793FD6A9C4D3}
		{84DFD6C7-1E44-42BC-BD09-BEC61991A2E9} = {12C1D84A-7AEA-4957-9CE3-64BDEAA99EB5}
		{C3F48597-90E9-4B76-A378-BE8336826970} = {84DFD6C7-1E44-42BC-BD09-BEC61991A2E9}
		{3E49690D-63BC-4F2A-90FE-31BB0DADE106} = {12C1D84A-7AEA-4957-9CE3-64BDEAA99EB5}
		{FEAD6D48-B774-429D-BC67-33D9CA639DCC} = {3E49690D-63BC-4F2A-90FE-31BB0DADE106}
		{470BABFB-793B-4655-8AFD-E10D19E5FABE} = {12C1D84A-7AEA-4957-9CE3-64BDEAA99EB5}
		{F4096266-BD48-4D43-8701-24AEBB7B985D} = {470BABFB-793B-4655-8AFD-E10D19E5FABE}
		{6C183A59-A203-472C-A01E-A95E2E0A33F2} = {ED868824-413A-4504-B406-B8E08A2D9915}
		{271CDED1-CD18-4982-B8BB-F0B9E3D4BFC6} = {6C183A59-A203-472C-A01E-A95E2E0A33F2}
		{B40C1A6A-1752-4365-96A6-3FF9BEC9FC67} = {6C183A59-A203-472C-A01E-A95E2E0A33F2}
		{C748437C-F0C9-42DC-970B-71CA46251992} = {84DFD6C7-1E44-42BC-BD09-BEC61991A2E9}
		{281DAC01-533C-444B-95B8-B91C38411303} = {84DFD6C7-1E44-42BC-BD09-BEC61991A2E9}
		{04F86AC5-33CC-4CC5-AD7D-1BA4F7A2EC86} = {3E49690D-63BC-4F2A-90FE-31BB0DADE106}
		{ECF08F6A-7A99-4113-BE2D-190640A5D5E8} = {3E49690D-63BC-4F2A-90FE-31BB0DADE106}
		{77F4FEC3-F1E5-43B2-A32E-EFEFEEF981F9} = {6C183A59-A203-472C-A01E-A95E2E0A33F2}
		{3DC89F16-EC1A-474E-941E-F80E9F0B453B} = {12C1D84A-7AEA-4957-9CE3-64BDEAA99EB5}
		{14D4A819-E634-49F6-8C8A-3864A956106E} = {3DC89F16-EC1A-474E-941E-F80E9F0B453B}
		{0AAE3A07-EAEF-4B0D-B307-9E44924559E7} = {3DC89F16-EC1A-474E-941E-F80E9F0B453B}
		{3C56B329-EA77-46E7-B2CE-E95678A01C4D} = {3DC89F16-EC1A-474E-941E-F80E9F0B453B}
		{14612120-661F-4072-AFCB-180E501673F0} = {739EFDCC-F592-4B57-99E5-793FD6A9C4D3}
		{424ECEE0-88D2-4C43-B644-3FEA7976BAE2} = {739EFDCC-F592-4B57-99E5-793FD6A9C4D3}
		{C2634058-6BCB-4361-AAC3-DF4CA98A3E8B} = {B4E5FF28-9447-4125-B621-50A2E98887EF}
		{43601414-E217-4AD4-A1D9-D011C247FF76} = {C2634058-6BCB-4361-AAC3-DF4CA98A3E8B}
		{B6C6116B-2F98-4082-A15D-CEC827704F51} = {43601414-E217-4AD4-A1D9-D011C247FF76}
		{2309F31C-DE46-470F-8E64-875E663AD90C} = {43601414-E217-4AD4-A1D9-D011C247FF76}
		{893DC50E-1AE1-4097-BAF4-F67C7B769392} = {C2634058-6BCB-4361-AAC3-DF4CA98A3E8B}
		{5AF64BC7-3C17-421A-9E4D-E9CF4EAD0B72} = {C2634058-6BCB-4361-AAC3-DF4CA98A3E8B}
		{31835577-EEE3-4780-860B-3AC002A37238} = {C2634058-6BCB-4361-AAC3-DF4CA98A3E8B}
		{EF1A9038-0A51-48AE-8A8A-D5C37DBD78B7} = {893DC50E-1AE1-4097-BAF4-F67C7B769392}
		{9933FE4E-FA77-45E2-855E-A58B661C341E} = {893DC50E-1AE1-4097-BAF4-F67C7B769392}
	EndGlobalSection
EndGlobal
