
Microsoft Visual Studio Solution File, Format Version 12.00
# Visual Studio 2013
VisualStudioVersion = 12.0.30501.0
MinimumVisualStudioVersion = 10.0.40219.1
Project("{F088123C-0E9E-452A-89E6-6BA2F21D5CAC}") = "ScenarioFrameworkModels", "ScenarioFrameworkModels\ScenarioFrameworkModels.modelproj", "{295A2F27-510E-4001-B8A3-88D72FA96928}"
EndProject
Project("{FAE04EC0-301F-11D3-BF4B-00C04F79EFBC}") = "UmlStateChart", "StateChart\UmlStateChart.csproj", "{32304491-F871-4D59-A317-7AE533850B0B}"
EndProject
Project("{FAE04EC0-301F-11D3-BF4B-00C04F79EFBC}") = "ScenarioSim.Core.Tests", "ScenarioSim.Core.Tests\ScenarioSim.Core.Tests.csproj", "{9A54A7AC-4E61-49AE-8B5A-7E8004898B3D}"
EndProject
Project("{FAE04EC0-301F-11D3-BF4B-00C04F79EFBC}") = "ScenarioSim.Core", "ScenarioSim.Core\ScenarioSim.Core.csproj", "{E93ACFDF-C454-4BB8-B0F8-9838AF372E39}"
EndProject
Project("{FAE04EC0-301F-11D3-BF4B-00C04F79EFBC}") = "ScenarioSim.Simulator", "ScenarioSim.Simulator\ScenarioSim.Simulator.csproj", "{076F2875-224E-4D46-8EC9-4C1DE33FA3FC}"
EndProject
Project("{FAE04EC0-301F-11D3-BF4B-00C04F79EFBC}") = "ScenarioSim.Simulator.Tests", "ScenarioSim.Simulator.Tests\ScenarioSim.Simulator.Tests.csproj", "{CF337552-70C1-4CC0-8839-A9787BA653FE}"
EndProject
Project("{FAE04EC0-301F-11D3-BF4B-00C04F79EFBC}") = "ScenarioSim.Creator", "ScenarioSim.Creator\ScenarioSim.Creator.csproj", "{385011CD-F1EC-4A94-9CCC-58DE5F0A373B}"
EndProject
Project("{FAE04EC0-301F-11D3-BF4B-00C04F79EFBC}") = "ScenarioSim.Playback", "ScenarioSim.Playback\ScenarioSim.Playback.csproj", "{27886252-69D0-4DA2-8231-249DD6A7F8E5}"
EndProject
Project("{FAE04EC0-301F-11D3-BF4B-00C04F79EFBC}") = "ScenarioSim.Playback.Tests", "ScenarioSim.Playback.Tests\ScenarioSim.Playback.Tests.csproj", "{0B8241BC-B346-42E4-A2A5-5B0128538740}"
EndProject
Global
	GlobalSection(SolutionConfigurationPlatforms) = preSolution
		Debug|Any CPU = Debug|Any CPU
		Release|Any CPU = Release|Any CPU
	EndGlobalSection
	GlobalSection(ProjectConfigurationPlatforms) = postSolution
		{295A2F27-510E-4001-B8A3-88D72FA96928}.Debug|Any CPU.ActiveCfg = Debug|Any CPU
		{295A2F27-510E-4001-B8A3-88D72FA96928}.Debug|Any CPU.Build.0 = Debug|Any CPU
		{295A2F27-510E-4001-B8A3-88D72FA96928}.Release|Any CPU.ActiveCfg = Release|Any CPU
		{295A2F27-510E-4001-B8A3-88D72FA96928}.Release|Any CPU.Build.0 = Release|Any CPU
		{32304491-F871-4D59-A317-7AE533850B0B}.Debug|Any CPU.ActiveCfg = Debug|Any CPU
		{32304491-F871-4D59-A317-7AE533850B0B}.Debug|Any CPU.Build.0 = Debug|Any CPU
		{32304491-F871-4D59-A317-7AE533850B0B}.Release|Any CPU.ActiveCfg = Release|Any CPU
		{32304491-F871-4D59-A317-7AE533850B0B}.Release|Any CPU.Build.0 = Release|Any CPU
		{9A54A7AC-4E61-49AE-8B5A-7E8004898B3D}.Debug|Any CPU.ActiveCfg = Debug|Any CPU
		{9A54A7AC-4E61-49AE-8B5A-7E8004898B3D}.Debug|Any CPU.Build.0 = Debug|Any CPU
		{9A54A7AC-4E61-49AE-8B5A-7E8004898B3D}.Release|Any CPU.ActiveCfg = Release|Any CPU
		{9A54A7AC-4E61-49AE-8B5A-7E8004898B3D}.Release|Any CPU.Build.0 = Release|Any CPU
		{E93ACFDF-C454-4BB8-B0F8-9838AF372E39}.Debug|Any CPU.ActiveCfg = Debug|Any CPU
		{E93ACFDF-C454-4BB8-B0F8-9838AF372E39}.Debug|Any CPU.Build.0 = Debug|Any CPU
		{E93ACFDF-C454-4BB8-B0F8-9838AF372E39}.Release|Any CPU.ActiveCfg = Release|Any CPU
		{E93ACFDF-C454-4BB8-B0F8-9838AF372E39}.Release|Any CPU.Build.0 = Release|Any CPU
		{076F2875-224E-4D46-8EC9-4C1DE33FA3FC}.Debug|Any CPU.ActiveCfg = Debug|Any CPU
		{076F2875-224E-4D46-8EC9-4C1DE33FA3FC}.Debug|Any CPU.Build.0 = Debug|Any CPU
		{076F2875-224E-4D46-8EC9-4C1DE33FA3FC}.Release|Any CPU.ActiveCfg = Release|Any CPU
		{076F2875-224E-4D46-8EC9-4C1DE33FA3FC}.Release|Any CPU.Build.0 = Release|Any CPU
		{CF337552-70C1-4CC0-8839-A9787BA653FE}.Debug|Any CPU.ActiveCfg = Debug|Any CPU
		{CF337552-70C1-4CC0-8839-A9787BA653FE}.Debug|Any CPU.Build.0 = Debug|Any CPU
		{CF337552-70C1-4CC0-8839-A9787BA653FE}.Release|Any CPU.ActiveCfg = Release|Any CPU
		{CF337552-70C1-4CC0-8839-A9787BA653FE}.Release|Any CPU.Build.0 = Release|Any CPU
		{385011CD-F1EC-4A94-9CCC-58DE5F0A373B}.Debug|Any CPU.ActiveCfg = Debug|Any CPU
		{385011CD-F1EC-4A94-9CCC-58DE5F0A373B}.Debug|Any CPU.Build.0 = Debug|Any CPU
		{385011CD-F1EC-4A94-9CCC-58DE5F0A373B}.Release|Any CPU.ActiveCfg = Release|Any CPU
		{385011CD-F1EC-4A94-9CCC-58DE5F0A373B}.Release|Any CPU.Build.0 = Release|Any CPU
		{27886252-69D0-4DA2-8231-249DD6A7F8E5}.Debug|Any CPU.ActiveCfg = Debug|Any CPU
		{27886252-69D0-4DA2-8231-249DD6A7F8E5}.Debug|Any CPU.Build.0 = Debug|Any CPU
		{27886252-69D0-4DA2-8231-249DD6A7F8E5}.Release|Any CPU.ActiveCfg = Release|Any CPU
		{27886252-69D0-4DA2-8231-249DD6A7F8E5}.Release|Any CPU.Build.0 = Release|Any CPU
		{0B8241BC-B346-42E4-A2A5-5B0128538740}.Debug|Any CPU.ActiveCfg = Debug|Any CPU
		{0B8241BC-B346-42E4-A2A5-5B0128538740}.Debug|Any CPU.Build.0 = Debug|Any CPU
		{0B8241BC-B346-42E4-A2A5-5B0128538740}.Release|Any CPU.ActiveCfg = Release|Any CPU
		{0B8241BC-B346-42E4-A2A5-5B0128538740}.Release|Any CPU.Build.0 = Release|Any CPU
	EndGlobalSection
	GlobalSection(SolutionProperties) = preSolution
		HideSolutionNode = FALSE
	EndGlobalSection
EndGlobal
