
Microsoft Visual Studio Solution File, Format Version 12.00
# Visual Studio 14
VisualStudioVersion = 14.0.25420.1
MinimumVisualStudioVersion = 10.0.40219.1
Project("{FAE04EC0-301F-11D3-BF4B-00C04F79EFBC}") = "ScenarioSim.Services.Mapping", "ScenarioSim.Services.Mapping\ScenarioSim.Services.Mapping.csproj", "{5234392D-3D36-48B9-B74C-F287B741E7EA}"
EndProject
Project("{FAE04EC0-301F-11D3-BF4B-00C04F79EFBC}") = "ScenarioSim.Infrastructure.AutoMapperMapping", "ScenarioSim.Infrastructure.AutoMapperMapping\ScenarioSim.Infrastructure.AutoMapperMapping.csproj", "{6D2FB1EC-180A-429A-82ED-672BA9F7B06D}"
EndProject
Global
	GlobalSection(SolutionConfigurationPlatforms) = preSolution
		Debug|Any CPU = Debug|Any CPU
		Release|Any CPU = Release|Any CPU
	EndGlobalSection
	GlobalSection(ProjectConfigurationPlatforms) = postSolution
		{5234392D-3D36-48B9-B74C-F287B741E7EA}.Debug|Any CPU.ActiveCfg = Debug|Any CPU
		{5234392D-3D36-48B9-B74C-F287B741E7EA}.Debug|Any CPU.Build.0 = Debug|Any CPU
		{5234392D-3D36-48B9-B74C-F287B741E7EA}.Release|Any CPU.ActiveCfg = Release|Any CPU
		{5234392D-3D36-48B9-B74C-F287B741E7EA}.Release|Any CPU.Build.0 = Release|Any CPU
		{6D2FB1EC-180A-429A-82ED-672BA9F7B06D}.Debug|Any CPU.ActiveCfg = Debug|Any CPU
		{6D2FB1EC-180A-429A-82ED-672BA9F7B06D}.Debug|Any CPU.Build.0 = Debug|Any CPU
		{6D2FB1EC-180A-429A-82ED-672BA9F7B06D}.Release|Any CPU.ActiveCfg = Release|Any CPU
		{6D2FB1EC-180A-429A-82ED-672BA9F7B06D}.Release|Any CPU.Build.0 = Release|Any CPU
	EndGlobalSection
	GlobalSection(SolutionProperties) = preSolution
		HideSolutionNode = FALSE
	EndGlobalSection
EndGlobal
