
Microsoft Visual Studio Solution File, Format Version 12.00
# Visual Studio 14
VisualStudioVersion = 14.0.25123.0
MinimumVisualStudioVersion = 10.0.40219.1
Project("{FAE04EC0-301F-11D3-BF4B-00C04F79EFBC}") = "ScenarioSim.Services.PerformanceProcessing", "ScenarioSim.Services.PerformanceProcessing\ScenarioSim.Services.PerformanceProcessing.csproj", "{DD97EAB4-41FC-4A2F-B956-0AD464063F05}"
EndProject
Project("{FAE04EC0-301F-11D3-BF4B-00C04F79EFBC}") = "ScenarioSim.Core.Entities", "..\ScenarioSim.Core\ScenarioSim.Core.Entities\ScenarioSim.Core.Entities.csproj", "{0CA14DC9-3D32-4AD5-BEBB-9D6B639861EC}"
EndProject
Project("{FAE04EC0-301F-11D3-BF4B-00C04F79EFBC}") = "ScenarioSim.Infrastructure.PerformanceProcessing", "ScenarioSim.Infrastructure.PerformanceProcessing\ScenarioSim.Infrastructure.PerformanceProcessing.csproj", "{7AE6DA87-23B7-41B7-AA04-D7C176DA9FA7}"
EndProject
Project("{FAE04EC0-301F-11D3-BF4B-00C04F79EFBC}") = "ScenarioSim.Core.Interfaces", "..\ScenarioSim.Core\ScenarioSim.Core.Interfaces\ScenarioSim.Core.Interfaces.csproj", "{DE8824B9-DA8F-4D8E-B2C7-080BA045F0F0}"
EndProject
Global
	GlobalSection(SolutionConfigurationPlatforms) = preSolution
		Debug|Any CPU = Debug|Any CPU
		Release|Any CPU = Release|Any CPU
	EndGlobalSection
	GlobalSection(ProjectConfigurationPlatforms) = postSolution
		{DD97EAB4-41FC-4A2F-B956-0AD464063F05}.Debug|Any CPU.ActiveCfg = Debug|Any CPU
		{DD97EAB4-41FC-4A2F-B956-0AD464063F05}.Debug|Any CPU.Build.0 = Debug|Any CPU
		{DD97EAB4-41FC-4A2F-B956-0AD464063F05}.Release|Any CPU.ActiveCfg = Release|Any CPU
		{DD97EAB4-41FC-4A2F-B956-0AD464063F05}.Release|Any CPU.Build.0 = Release|Any CPU
		{0CA14DC9-3D32-4AD5-BEBB-9D6B639861EC}.Debug|Any CPU.ActiveCfg = Debug|Any CPU
		{0CA14DC9-3D32-4AD5-BEBB-9D6B639861EC}.Debug|Any CPU.Build.0 = Debug|Any CPU
		{0CA14DC9-3D32-4AD5-BEBB-9D6B639861EC}.Release|Any CPU.ActiveCfg = Release|Any CPU
		{0CA14DC9-3D32-4AD5-BEBB-9D6B639861EC}.Release|Any CPU.Build.0 = Release|Any CPU
		{7AE6DA87-23B7-41B7-AA04-D7C176DA9FA7}.Debug|Any CPU.ActiveCfg = Debug|Any CPU
		{7AE6DA87-23B7-41B7-AA04-D7C176DA9FA7}.Debug|Any CPU.Build.0 = Debug|Any CPU
		{7AE6DA87-23B7-41B7-AA04-D7C176DA9FA7}.Release|Any CPU.ActiveCfg = Release|Any CPU
		{7AE6DA87-23B7-41B7-AA04-D7C176DA9FA7}.Release|Any CPU.Build.0 = Release|Any CPU
		{DE8824B9-DA8F-4D8E-B2C7-080BA045F0F0}.Debug|Any CPU.ActiveCfg = Debug|Any CPU
		{DE8824B9-DA8F-4D8E-B2C7-080BA045F0F0}.Debug|Any CPU.Build.0 = Debug|Any CPU
		{DE8824B9-DA8F-4D8E-B2C7-080BA045F0F0}.Release|Any CPU.ActiveCfg = Release|Any CPU
		{DE8824B9-DA8F-4D8E-B2C7-080BA045F0F0}.Release|Any CPU.Build.0 = Release|Any CPU
	EndGlobalSection
	GlobalSection(SolutionProperties) = preSolution
		HideSolutionNode = FALSE
	EndGlobalSection
EndGlobal
