
Microsoft Visual Studio Solution File, Format Version 12.00
# Visual Studio 14
VisualStudioVersion = 14.0.25123.0
MinimumVisualStudioVersion = 10.0.40219.1
Project("{FAE04EC0-301F-11D3-BF4B-00C04F79EFBC}") = "ScenarioSim.Services.Logging", "..\ScenarioSim.Logging\ScenarioSim.Services.Logging\ScenarioSim.Services.Logging.csproj", "{E650D0C0-100C-4D8F-A894-85963C50280F}"
EndProject
Project("{FAE04EC0-301F-11D3-BF4B-00C04F79EFBC}") = "ScenarioSim.Infrastructure.Logging.NLog", "..\ScenarioSim.Logging\ScenarioSim.Infrastructure.Logging.NLog\ScenarioSim.Infrastructure.Logging.NLog.csproj", "{E3442416-2053-49BB-A8C2-65A5CF49C385}"
EndProject
Project("{FAE04EC0-301F-11D3-BF4B-00C04F79EFBC}") = "ScenarioSim.Core.Entities", "..\ScenarioSim.Core\ScenarioSim.Core.Entities\ScenarioSim.Core.Entities.csproj", "{0CA14DC9-3D32-4AD5-BEBB-9D6B639861EC}"
EndProject
Project("{FAE04EC0-301F-11D3-BF4B-00C04F79EFBC}") = "ScenarioSim.Core.Interfaces", "..\ScenarioSim.Core\ScenarioSim.Core.Interfaces\ScenarioSim.Core.Interfaces.csproj", "{DE8824B9-DA8F-4D8E-B2C7-080BA045F0F0}"
EndProject
Project("{FAE04EC0-301F-11D3-BF4B-00C04F79EFBC}") = "ScenarioSim.Services.ScenarioCreator", "..\ScenarioSim.ScenarioCreator\ScenarioSim.Services.ScenarioCreator\ScenarioSim.Services.ScenarioCreator.csproj", "{2151BC08-6A38-4456-A55E-227DA06EEF75}"
EndProject
Project("{FAE04EC0-301F-11D3-BF4B-00C04F79EFBC}") = "ScenarioSim.Infrastructure.ScenarioCreator", "..\ScenarioSim.ScenarioCreator\ScenarioSim.Infrastructure.ScenarioCreator\ScenarioSim.Infrastructure.ScenarioCreator.csproj", "{097071BB-F82F-46F3-8248-B6F49D69104C}"
EndProject
Project("{FAE04EC0-301F-11D3-BF4B-00C04F79EFBC}") = "ScenarioSim.Services.PerformanceManagement", "..\ScenarioSim.PerformanceManagement\ScenarioSim.Services.PerformanceManagement\ScenarioSim.Services.PerformanceManagement.csproj", "{B1DC7560-D4D2-4B00-B955-8B760E0615E5}"
EndProject
Project("{FAE04EC0-301F-11D3-BF4B-00C04F79EFBC}") = "ScenarioSim.Infrastructure.PerformanceManagement", "..\ScenarioSim.PerformanceManagement\ScenarioSim.Infrastructure.PerformanceManagement\ScenarioSim.Infrastructure.PerformanceManagement.csproj", "{D346AFA3-DF7C-4293-90C1-635D6EEE7F38}"
EndProject
Project("{FAE04EC0-301F-11D3-BF4B-00C04F79EFBC}") = "ScenarioSim.Infrastructure.MongoDbRepositories", "..\ScenarioSim.Repository\ScenarioSim.Infrastructure.MongoDbRepositories\ScenarioSim.Infrastructure.MongoDbRepositories.csproj", "{41D9469C-8B9A-49DF-AB92-CAE673C9291C}"
EndProject
Project("{FAE04EC0-301F-11D3-BF4B-00C04F79EFBC}") = "ScenarioSim.Server", "ScenarioSim.Server\ScenarioSim.Server.csproj", "{C05DEBCB-4BA3-4DD9-BB3F-89C2580F1BA6}"
EndProject
Project("{FAE04EC0-301F-11D3-BF4B-00C04F79EFBC}") = "ScenarioSim.Server.Tests", "ScenarioSim.Server.Tests\ScenarioSim.Server.Tests.csproj", "{8562E590-BC32-42E8-9294-F9CFDD0F6126}"
EndProject
Project("{FAE04EC0-301F-11D3-BF4B-00C04F79EFBC}") = "ScenarioSim.Infrastructure.JsonNetSerializer", "..\ScenarioSim.Serialization\ScenarioSim.Infrastructure.JsonNetSerializer\ScenarioSim.Infrastructure.JsonNetSerializer.csproj", "{B47C0E8C-F010-4D7F-9085-F9F076C55269}"
EndProject
Project("{FAE04EC0-301F-11D3-BF4B-00C04F79EFBC}") = "ScenarioSim.Services.Serialization", "..\ScenarioSim.Serialization\ScenarioSim.Services.Serialization\ScenarioSim.Services.Serialization.csproj", "{ABCE5169-3ECB-42CF-A1B9-D9B5F4C9EA3D}"
EndProject
Global
	GlobalSection(SolutionConfigurationPlatforms) = preSolution
		Debug|Any CPU = Debug|Any CPU
		Release|Any CPU = Release|Any CPU
	EndGlobalSection
	GlobalSection(ProjectConfigurationPlatforms) = postSolution
		{E650D0C0-100C-4D8F-A894-85963C50280F}.Debug|Any CPU.ActiveCfg = Debug|Any CPU
		{E650D0C0-100C-4D8F-A894-85963C50280F}.Debug|Any CPU.Build.0 = Debug|Any CPU
		{E650D0C0-100C-4D8F-A894-85963C50280F}.Release|Any CPU.ActiveCfg = Release|Any CPU
		{E650D0C0-100C-4D8F-A894-85963C50280F}.Release|Any CPU.Build.0 = Release|Any CPU
		{E3442416-2053-49BB-A8C2-65A5CF49C385}.Debug|Any CPU.ActiveCfg = Debug|Any CPU
		{E3442416-2053-49BB-A8C2-65A5CF49C385}.Debug|Any CPU.Build.0 = Debug|Any CPU
		{E3442416-2053-49BB-A8C2-65A5CF49C385}.Release|Any CPU.ActiveCfg = Release|Any CPU
		{E3442416-2053-49BB-A8C2-65A5CF49C385}.Release|Any CPU.Build.0 = Release|Any CPU
		{0CA14DC9-3D32-4AD5-BEBB-9D6B639861EC}.Debug|Any CPU.ActiveCfg = Debug|Any CPU
		{0CA14DC9-3D32-4AD5-BEBB-9D6B639861EC}.Debug|Any CPU.Build.0 = Debug|Any CPU
		{0CA14DC9-3D32-4AD5-BEBB-9D6B639861EC}.Release|Any CPU.ActiveCfg = Release|Any CPU
		{0CA14DC9-3D32-4AD5-BEBB-9D6B639861EC}.Release|Any CPU.Build.0 = Release|Any CPU
		{DE8824B9-DA8F-4D8E-B2C7-080BA045F0F0}.Debug|Any CPU.ActiveCfg = Debug|Any CPU
		{DE8824B9-DA8F-4D8E-B2C7-080BA045F0F0}.Debug|Any CPU.Build.0 = Debug|Any CPU
		{DE8824B9-DA8F-4D8E-B2C7-080BA045F0F0}.Release|Any CPU.ActiveCfg = Release|Any CPU
		{DE8824B9-DA8F-4D8E-B2C7-080BA045F0F0}.Release|Any CPU.Build.0 = Release|Any CPU
		{2151BC08-6A38-4456-A55E-227DA06EEF75}.Debug|Any CPU.ActiveCfg = Debug|Any CPU
		{2151BC08-6A38-4456-A55E-227DA06EEF75}.Debug|Any CPU.Build.0 = Debug|Any CPU
		{2151BC08-6A38-4456-A55E-227DA06EEF75}.Release|Any CPU.ActiveCfg = Release|Any CPU
		{2151BC08-6A38-4456-A55E-227DA06EEF75}.Release|Any CPU.Build.0 = Release|Any CPU
		{097071BB-F82F-46F3-8248-B6F49D69104C}.Debug|Any CPU.ActiveCfg = Debug|Any CPU
		{097071BB-F82F-46F3-8248-B6F49D69104C}.Debug|Any CPU.Build.0 = Debug|Any CPU
		{097071BB-F82F-46F3-8248-B6F49D69104C}.Release|Any CPU.ActiveCfg = Release|Any CPU
		{097071BB-F82F-46F3-8248-B6F49D69104C}.Release|Any CPU.Build.0 = Release|Any CPU
		{B1DC7560-D4D2-4B00-B955-8B760E0615E5}.Debug|Any CPU.ActiveCfg = Debug|Any CPU
		{B1DC7560-D4D2-4B00-B955-8B760E0615E5}.Debug|Any CPU.Build.0 = Debug|Any CPU
		{B1DC7560-D4D2-4B00-B955-8B760E0615E5}.Release|Any CPU.ActiveCfg = Release|Any CPU
		{B1DC7560-D4D2-4B00-B955-8B760E0615E5}.Release|Any CPU.Build.0 = Release|Any CPU
		{D346AFA3-DF7C-4293-90C1-635D6EEE7F38}.Debug|Any CPU.ActiveCfg = Debug|Any CPU
		{D346AFA3-DF7C-4293-90C1-635D6EEE7F38}.Debug|Any CPU.Build.0 = Debug|Any CPU
		{D346AFA3-DF7C-4293-90C1-635D6EEE7F38}.Release|Any CPU.ActiveCfg = Release|Any CPU
		{D346AFA3-DF7C-4293-90C1-635D6EEE7F38}.Release|Any CPU.Build.0 = Release|Any CPU
		{41D9469C-8B9A-49DF-AB92-CAE673C9291C}.Debug|Any CPU.ActiveCfg = Debug|Any CPU
		{41D9469C-8B9A-49DF-AB92-CAE673C9291C}.Debug|Any CPU.Build.0 = Debug|Any CPU
		{41D9469C-8B9A-49DF-AB92-CAE673C9291C}.Release|Any CPU.ActiveCfg = Release|Any CPU
		{41D9469C-8B9A-49DF-AB92-CAE673C9291C}.Release|Any CPU.Build.0 = Release|Any CPU
		{C05DEBCB-4BA3-4DD9-BB3F-89C2580F1BA6}.Debug|Any CPU.ActiveCfg = Debug|Any CPU
		{C05DEBCB-4BA3-4DD9-BB3F-89C2580F1BA6}.Debug|Any CPU.Build.0 = Debug|Any CPU
		{C05DEBCB-4BA3-4DD9-BB3F-89C2580F1BA6}.Release|Any CPU.ActiveCfg = Release|Any CPU
		{C05DEBCB-4BA3-4DD9-BB3F-89C2580F1BA6}.Release|Any CPU.Build.0 = Release|Any CPU
		{8562E590-BC32-42E8-9294-F9CFDD0F6126}.Debug|Any CPU.ActiveCfg = Debug|Any CPU
		{8562E590-BC32-42E8-9294-F9CFDD0F6126}.Debug|Any CPU.Build.0 = Debug|Any CPU
		{8562E590-BC32-42E8-9294-F9CFDD0F6126}.Release|Any CPU.ActiveCfg = Release|Any CPU
		{8562E590-BC32-42E8-9294-F9CFDD0F6126}.Release|Any CPU.Build.0 = Release|Any CPU
		{B47C0E8C-F010-4D7F-9085-F9F076C55269}.Debug|Any CPU.ActiveCfg = Debug|Any CPU
		{B47C0E8C-F010-4D7F-9085-F9F076C55269}.Debug|Any CPU.Build.0 = Debug|Any CPU
		{B47C0E8C-F010-4D7F-9085-F9F076C55269}.Release|Any CPU.ActiveCfg = Release|Any CPU
		{B47C0E8C-F010-4D7F-9085-F9F076C55269}.Release|Any CPU.Build.0 = Release|Any CPU
		{ABCE5169-3ECB-42CF-A1B9-D9B5F4C9EA3D}.Debug|Any CPU.ActiveCfg = Debug|Any CPU
		{ABCE5169-3ECB-42CF-A1B9-D9B5F4C9EA3D}.Debug|Any CPU.Build.0 = Debug|Any CPU
		{ABCE5169-3ECB-42CF-A1B9-D9B5F4C9EA3D}.Release|Any CPU.ActiveCfg = Release|Any CPU
		{ABCE5169-3ECB-42CF-A1B9-D9B5F4C9EA3D}.Release|Any CPU.Build.0 = Release|Any CPU
	EndGlobalSection
	GlobalSection(SolutionProperties) = preSolution
		HideSolutionNode = FALSE
	EndGlobalSection
EndGlobal
