
Microsoft Visual Studio Solution File, Format Version 12.00
# Visual Studio 14
VisualStudioVersion = 14.0.25420.1
MinimumVisualStudioVersion = 10.0.40219.1
Project("{FAE04EC0-301F-11D3-BF4B-00C04F79EFBC}") = "ScenarioSim.Core.Entities", "..\ScenarioSim.Core\ScenarioSim.Core.Entities\ScenarioSim.Core.Entities.csproj", "{0CA14DC9-3D32-4AD5-BEBB-9D6B639861EC}"
EndProject
Project("{FAE04EC0-301F-11D3-BF4B-00C04F79EFBC}") = "ScenarioSim.Core.Interfaces", "..\ScenarioSim.Core\ScenarioSim.Core.Interfaces\ScenarioSim.Core.Interfaces.csproj", "{DE8824B9-DA8F-4D8E-B2C7-080BA045F0F0}"
EndProject
Project("{FAE04EC0-301F-11D3-BF4B-00C04F79EFBC}") = "ScenarioSim.Services.PerformanceManagement", "ScenarioSim.Services.PerformanceManagement\ScenarioSim.Services.PerformanceManagement.csproj", "{B1DC7560-D4D2-4B00-B955-8B760E0615E5}"
EndProject
Project("{FAE04EC0-301F-11D3-BF4B-00C04F79EFBC}") = "ScenarioSim.Infrastructure.PerformanceManagement", "ScenarioSim.Infrastructure.PerformanceManagement\ScenarioSim.Infrastructure.PerformanceManagement.csproj", "{D346AFA3-DF7C-4293-90C1-635D6EEE7F38}"
EndProject
Project("{FAE04EC0-301F-11D3-BF4B-00C04F79EFBC}") = "ScenarioSim.Services.Logging", "..\ScenarioSim.Logging\ScenarioSim.Services.Logging\ScenarioSim.Services.Logging.csproj", "{E650D0C0-100C-4D8F-A894-85963C50280F}"
EndProject
Project("{FAE04EC0-301F-11D3-BF4B-00C04F79EFBC}") = "ScenarioSim.Performance.Entities", "..\ScenarioSim.Performance\ScenarioSim.Performance.Entities\ScenarioSim.Performance.Entities.csproj", "{1BB824C3-A1E0-49F9-A4C2-9BA0E15E4643}"
EndProject
Project("{FAE04EC0-301F-11D3-BF4B-00C04F79EFBC}") = "ScenarioSim.Performance.Repositories", "..\ScenarioSim.Performance\ScenarioSim.Performance.Repositories\ScenarioSim.Performance.Repositories.csproj", "{20F924E0-1948-40B3-8CB7-02243BA8B81E}"
EndProject
Global
	GlobalSection(SolutionConfigurationPlatforms) = preSolution
		Debug|Any CPU = Debug|Any CPU
		Release|Any CPU = Release|Any CPU
	EndGlobalSection
	GlobalSection(ProjectConfigurationPlatforms) = postSolution
		{0CA14DC9-3D32-4AD5-BEBB-9D6B639861EC}.Debug|Any CPU.ActiveCfg = Debug|Any CPU
		{0CA14DC9-3D32-4AD5-BEBB-9D6B639861EC}.Debug|Any CPU.Build.0 = Debug|Any CPU
		{0CA14DC9-3D32-4AD5-BEBB-9D6B639861EC}.Release|Any CPU.ActiveCfg = Release|Any CPU
		{0CA14DC9-3D32-4AD5-BEBB-9D6B639861EC}.Release|Any CPU.Build.0 = Release|Any CPU
		{DE8824B9-DA8F-4D8E-B2C7-080BA045F0F0}.Debug|Any CPU.ActiveCfg = Debug|Any CPU
		{DE8824B9-DA8F-4D8E-B2C7-080BA045F0F0}.Debug|Any CPU.Build.0 = Debug|Any CPU
		{DE8824B9-DA8F-4D8E-B2C7-080BA045F0F0}.Release|Any CPU.ActiveCfg = Release|Any CPU
		{DE8824B9-DA8F-4D8E-B2C7-080BA045F0F0}.Release|Any CPU.Build.0 = Release|Any CPU
		{B1DC7560-D4D2-4B00-B955-8B760E0615E5}.Debug|Any CPU.ActiveCfg = Debug|Any CPU
		{B1DC7560-D4D2-4B00-B955-8B760E0615E5}.Debug|Any CPU.Build.0 = Debug|Any CPU
		{B1DC7560-D4D2-4B00-B955-8B760E0615E5}.Release|Any CPU.ActiveCfg = Release|Any CPU
		{B1DC7560-D4D2-4B00-B955-8B760E0615E5}.Release|Any CPU.Build.0 = Release|Any CPU
		{D346AFA3-DF7C-4293-90C1-635D6EEE7F38}.Debug|Any CPU.ActiveCfg = Debug|Any CPU
		{D346AFA3-DF7C-4293-90C1-635D6EEE7F38}.Debug|Any CPU.Build.0 = Debug|Any CPU
		{D346AFA3-DF7C-4293-90C1-635D6EEE7F38}.Release|Any CPU.ActiveCfg = Release|Any CPU
		{D346AFA3-DF7C-4293-90C1-635D6EEE7F38}.Release|Any CPU.Build.0 = Release|Any CPU
		{E650D0C0-100C-4D8F-A894-85963C50280F}.Debug|Any CPU.ActiveCfg = Debug|Any CPU
		{E650D0C0-100C-4D8F-A894-85963C50280F}.Debug|Any CPU.Build.0 = Debug|Any CPU
		{E650D0C0-100C-4D8F-A894-85963C50280F}.Release|Any CPU.ActiveCfg = Release|Any CPU
		{E650D0C0-100C-4D8F-A894-85963C50280F}.Release|Any CPU.Build.0 = Release|Any CPU
		{1BB824C3-A1E0-49F9-A4C2-9BA0E15E4643}.Debug|Any CPU.ActiveCfg = Debug|Any CPU
		{1BB824C3-A1E0-49F9-A4C2-9BA0E15E4643}.Debug|Any CPU.Build.0 = Debug|Any CPU
		{1BB824C3-A1E0-49F9-A4C2-9BA0E15E4643}.Release|Any CPU.ActiveCfg = Release|Any CPU
		{1BB824C3-A1E0-49F9-A4C2-9BA0E15E4643}.Release|Any CPU.Build.0 = Release|Any CPU
		{20F924E0-1948-40B3-8CB7-02243BA8B81E}.Debug|Any CPU.ActiveCfg = Debug|Any CPU
		{20F924E0-1948-40B3-8CB7-02243BA8B81E}.Debug|Any CPU.Build.0 = Debug|Any CPU
		{20F924E0-1948-40B3-8CB7-02243BA8B81E}.Release|Any CPU.ActiveCfg = Release|Any CPU
		{20F924E0-1948-40B3-8CB7-02243BA8B81E}.Release|Any CPU.Build.0 = Release|Any CPU
	EndGlobalSection
	GlobalSection(SolutionProperties) = preSolution
		HideSolutionNode = FALSE
	EndGlobalSection
EndGlobal
