
Microsoft Visual Studio Solution File, Format Version 12.00
# Visual Studio 14
VisualStudioVersion = 14.0.25123.0
MinimumVisualStudioVersion = 10.0.40219.1
Project("{FAE04EC0-301F-11D3-BF4B-00C04F79EFBC}") = "ScenarioSim.Core.Entities", "..\ScenarioSim.Core\ScenarioSim.Core.Entities\ScenarioSim.Core.Entities.csproj", "{0CA14DC9-3D32-4AD5-BEBB-9D6B639861EC}"
EndProject
Project("{FAE04EC0-301F-11D3-BF4B-00C04F79EFBC}") = "ScenarioSim.Core.Interfaces", "..\ScenarioSim.Core\ScenarioSim.Core.Interfaces\ScenarioSim.Core.Interfaces.csproj", "{DE8824B9-DA8F-4D8E-B2C7-080BA045F0F0}"
EndProject
Project("{FAE04EC0-301F-11D3-BF4B-00C04F79EFBC}") = "ScenarioSim.Infrastructure.Repositories", "ScenarioSim.Infrastructure.Repositories\ScenarioSim.Infrastructure.Repositories.csproj", "{F98505E0-4056-4606-B59C-F31CC805E7AE}"
EndProject
Project("{FAE04EC0-301F-11D3-BF4B-00C04F79EFBC}") = "ScenarioSim.Infrastructure.MongoDbRepositories", "ScenarioSim.Infrastructure.MongoDbRepositories\ScenarioSim.Infrastructure.MongoDbRepositories.csproj", "{41D9469C-8B9A-49DF-AB92-CAE673C9291C}"
EndProject
Project("{FAE04EC0-301F-11D3-BF4B-00C04F79EFBC}") = "ScenarioSim.Infrastructure.EfRepositories", "ScenarioSim.Infrastructure.EfRepositories\ScenarioSim.Infrastructure.EfRepositories.csproj", "{BA845FEB-1180-45F1-8AA9-15267D8A64AA}"
EndProject
Project("{FAE04EC0-301F-11D3-BF4B-00C04F79EFBC}") = "ScenarioSim.Services.Serialization", "..\ScenarioSim.Serialization\ScenarioSim.Services.Serialization\ScenarioSim.Services.Serialization.csproj", "{ABCE5169-3ECB-42CF-A1B9-D9B5F4C9EA3D}"
EndProject
Project("{FAE04EC0-301F-11D3-BF4B-00C04F79EFBC}") = "ScenarioSim.Infrastructure.JsonNetSerializer", "..\ScenarioSim.Serialization\ScenarioSim.Infrastructure.JsonNetSerializer\ScenarioSim.Infrastructure.JsonNetSerializer.csproj", "{B47C0E8C-F010-4D7F-9085-F9F076C55269}"
EndProject
Global
	GlobalSection(SolutionConfigurationPlatforms) = preSolution
		Debug|Any CPU = Debug|Any CPU
		Release|Any CPU = Release|Any CPU
	EndGlobalSection
	GlobalSection(ProjectConfigurationPlatforms) = postSolution
		{0CA14DC9-3D32-4AD5-BEBB-9D6B639861EC}.Debug|Any CPU.ActiveCfg = Debug|Any CPU
		{0CA14DC9-3D32-4AD5-BEBB-9D6B639861EC}.Debug|Any CPU.Build.0 = Debug|Any CPU
		{0CA14DC9-3D32-4AD5-BEBB-9D6B639861EC}.Release|Any CPU.ActiveCfg = Release|Any CPU
		{0CA14DC9-3D32-4AD5-BEBB-9D6B639861EC}.Release|Any CPU.Build.0 = Release|Any CPU
		{DE8824B9-DA8F-4D8E-B2C7-080BA045F0F0}.Debug|Any CPU.ActiveCfg = Debug|Any CPU
		{DE8824B9-DA8F-4D8E-B2C7-080BA045F0F0}.Debug|Any CPU.Build.0 = Debug|Any CPU
		{DE8824B9-DA8F-4D8E-B2C7-080BA045F0F0}.Release|Any CPU.ActiveCfg = Release|Any CPU
		{DE8824B9-DA8F-4D8E-B2C7-080BA045F0F0}.Release|Any CPU.Build.0 = Release|Any CPU
		{F98505E0-4056-4606-B59C-F31CC805E7AE}.Debug|Any CPU.ActiveCfg = Debug|Any CPU
		{F98505E0-4056-4606-B59C-F31CC805E7AE}.Debug|Any CPU.Build.0 = Debug|Any CPU
		{F98505E0-4056-4606-B59C-F31CC805E7AE}.Release|Any CPU.ActiveCfg = Release|Any CPU
		{F98505E0-4056-4606-B59C-F31CC805E7AE}.Release|Any CPU.Build.0 = Release|Any CPU
		{41D9469C-8B9A-49DF-AB92-CAE673C9291C}.Debug|Any CPU.ActiveCfg = Debug|Any CPU
		{41D9469C-8B9A-49DF-AB92-CAE673C9291C}.Debug|Any CPU.Build.0 = Debug|Any CPU
		{41D9469C-8B9A-49DF-AB92-CAE673C9291C}.Release|Any CPU.ActiveCfg = Release|Any CPU
		{41D9469C-8B9A-49DF-AB92-CAE673C9291C}.Release|Any CPU.Build.0 = Release|Any CPU
		{BA845FEB-1180-45F1-8AA9-15267D8A64AA}.Debug|Any CPU.ActiveCfg = Debug|Any CPU
		{BA845FEB-1180-45F1-8AA9-15267D8A64AA}.Debug|Any CPU.Build.0 = Debug|Any CPU
		{BA845FEB-1180-45F1-8AA9-15267D8A64AA}.Release|Any CPU.ActiveCfg = Release|Any CPU
		{BA845FEB-1180-45F1-8AA9-15267D8A64AA}.Release|Any CPU.Build.0 = Release|Any CPU
		{ABCE5169-3ECB-42CF-A1B9-D9B5F4C9EA3D}.Debug|Any CPU.ActiveCfg = Debug|Any CPU
		{ABCE5169-3ECB-42CF-A1B9-D9B5F4C9EA3D}.Debug|Any CPU.Build.0 = Debug|Any CPU
		{ABCE5169-3ECB-42CF-A1B9-D9B5F4C9EA3D}.Release|Any CPU.ActiveCfg = Release|Any CPU
		{ABCE5169-3ECB-42CF-A1B9-D9B5F4C9EA3D}.Release|Any CPU.Build.0 = Release|Any CPU
		{B47C0E8C-F010-4D7F-9085-F9F076C55269}.Debug|Any CPU.ActiveCfg = Debug|Any CPU
		{B47C0E8C-F010-4D7F-9085-F9F076C55269}.Debug|Any CPU.Build.0 = Debug|Any CPU
		{B47C0E8C-F010-4D7F-9085-F9F076C55269}.Release|Any CPU.ActiveCfg = Release|Any CPU
		{B47C0E8C-F010-4D7F-9085-F9F076C55269}.Release|Any CPU.Build.0 = Release|Any CPU
	EndGlobalSection
	GlobalSection(SolutionProperties) = preSolution
		HideSolutionNode = FALSE
	EndGlobalSection
EndGlobal
