
Microsoft Visual Studio Solution File, Format Version 12.00
# Visual Studio 14
VisualStudioVersion = 14.0.25420.1
MinimumVisualStudioVersion = 10.0.40219.1
Project("{FAE04EC0-301F-11D3-BF4B-00C04F79EFBC}") = "ScenarioSim.Core.Entities", "ScenarioSim.Core.Entities\ScenarioSim.Core.Entities.csproj", "{0CA14DC9-3D32-4AD5-BEBB-9D6B639861EC}"
EndProject
Project("{FAE04EC0-301F-11D3-BF4B-00C04F79EFBC}") = "ScenarioSim.Core.Interfaces", "ScenarioSim.Core.Interfaces\ScenarioSim.Core.Interfaces.csproj", "{DE8824B9-DA8F-4D8E-B2C7-080BA045F0F0}"
EndProject
Project("{FAE04EC0-301F-11D3-BF4B-00C04F79EFBC}") = "ScenarioSim.Core.DataTransfer", "ScenarioSim.Core.DataTransfer\ScenarioSim.Core.DataTransfer.csproj", "{C973B4E3-7293-441F-BC32-4547F89CA8D5}"
EndProject
Project("{FAE04EC0-301F-11D3-BF4B-00C04F79EFBC}") = "ScenarioSim.Utility", "..\ScenarioSim.Utility\ScenarioSim.Utility\ScenarioSim.Utility.csproj", "{07387F32-52D2-4169-96D3-6C39D4D1C547}"
EndProject
Global
	GlobalSection(SolutionConfigurationPlatforms) = preSolution
		Debug|Any CPU = Debug|Any CPU
		Release|Any CPU = Release|Any CPU
	EndGlobalSection
	GlobalSection(ProjectConfigurationPlatforms) = postSolution
		{0CA14DC9-3D32-4AD5-BEBB-9D6B639861EC}.Debug|Any CPU.ActiveCfg = Debug|Any CPU
		{0CA14DC9-3D32-4AD5-BEBB-9D6B639861EC}.Debug|Any CPU.Build.0 = Debug|Any CPU
		{0CA14DC9-3D32-4AD5-BEBB-9D6B639861EC}.Release|Any CPU.ActiveCfg = Release|Any CPU
		{0CA14DC9-3D32-4AD5-BEBB-9D6B639861EC}.Release|Any CPU.Build.0 = Release|Any CPU
		{DE8824B9-DA8F-4D8E-B2C7-080BA045F0F0}.Debug|Any CPU.ActiveCfg = Debug|Any CPU
		{DE8824B9-DA8F-4D8E-B2C7-080BA045F0F0}.Debug|Any CPU.Build.0 = Debug|Any CPU
		{DE8824B9-DA8F-4D8E-B2C7-080BA045F0F0}.Release|Any CPU.ActiveCfg = Release|Any CPU
		{DE8824B9-DA8F-4D8E-B2C7-080BA045F0F0}.Release|Any CPU.Build.0 = Release|Any CPU
		{C973B4E3-7293-441F-BC32-4547F89CA8D5}.Debug|Any CPU.ActiveCfg = Debug|Any CPU
		{C973B4E3-7293-441F-BC32-4547F89CA8D5}.Debug|Any CPU.Build.0 = Debug|Any CPU
		{C973B4E3-7293-441F-BC32-4547F89CA8D5}.Release|Any CPU.ActiveCfg = Release|Any CPU
		{C973B4E3-7293-441F-BC32-4547F89CA8D5}.Release|Any CPU.Build.0 = Release|Any CPU
		{07387F32-52D2-4169-96D3-6C39D4D1C547}.Debug|Any CPU.ActiveCfg = Debug|Any CPU
		{07387F32-52D2-4169-96D3-6C39D4D1C547}.Debug|Any CPU.Build.0 = Debug|Any CPU
		{07387F32-52D2-4169-96D3-6C39D4D1C547}.Release|Any CPU.ActiveCfg = Release|Any CPU
		{07387F32-52D2-4169-96D3-6C39D4D1C547}.Release|Any CPU.Build.0 = Release|Any CPU
	EndGlobalSection
	GlobalSection(SolutionProperties) = preSolution
		HideSolutionNode = FALSE
	EndGlobalSection
EndGlobal
